// !$*UTF8*$!
{
	archiveVersion = 1;
	classes = {
	};
	objectVersion = 46;
	objects = {

/* Begin PBXBuildFile section */
		AC8DB7441722FBB300943B9A /* UIKit.framework in Frameworks */ = {isa = PBXBuildFile; fileRef = AC8DB7431722FBB300943B9A /* UIKit.framework */; };
		AC8DB7461722FBB300943B9A /* Foundation.framework in Frameworks */ = {isa = PBXBuildFile; fileRef = AC8DB7451722FBB300943B9A /* Foundation.framework */; };
		AC8DB7481722FBB300943B9A /* CoreGraphics.framework in Frameworks */ = {isa = PBXBuildFile; fileRef = AC8DB7471722FBB300943B9A /* CoreGraphics.framework */; };
		AC8DB74E1722FBB300943B9A /* InfoPlist.strings in Resources */ = {isa = PBXBuildFile; fileRef = AC8DB74C1722FBB300943B9A /* InfoPlist.strings */; };
		AC8DB7501722FBB300943B9A /* main.m in Sources */ = {isa = PBXBuildFile; fileRef = AC8DB74F1722FBB300943B9A /* main.m */; };
		AC8DB7541722FBB400943B9A /* SAWAppDelegate.m in Sources */ = {isa = PBXBuildFile; fileRef = AC8DB7531722FBB400943B9A /* SAWAppDelegate.m */; };
		AC8DB7561722FBB400943B9A /* Default.png in Resources */ = {isa = PBXBuildFile; fileRef = AC8DB7551722FBB400943B9A /* Default.png */; };
		AC8DB7581722FBB400943B9A /* Default@2x.png in Resources */ = {isa = PBXBuildFile; fileRef = AC8DB7571722FBB400943B9A /* Default@2x.png */; };
		AC8DB75A1722FBB400943B9A /* Default-568h@2x.png in Resources */ = {isa = PBXBuildFile; fileRef = AC8DB7591722FBB400943B9A /* Default-568h@2x.png */; };
		AC8DB7611722FBCD00943B9A /* nav_menu_icon@2x.png in Resources */ = {isa = PBXBuildFile; fileRef = AC8DB7601722FBCD00943B9A /* nav_menu_icon@2x.png */; };
		AC8DB7651722FC0B00943B9A /* SAWWaystationViewController.m in Sources */ = {isa = PBXBuildFile; fileRef = AC8DB7631722FC0B00943B9A /* SAWWaystationViewController.m */; };
		AC8DB7661722FC0B00943B9A /* SAWWaystationViewController.xib in Resources */ = {isa = PBXBuildFile; fileRef = AC8DB7641722FC0B00943B9A /* SAWWaystationViewController.xib */; };
		AC8DB7761722FCE700943B9A /* greetings@2x.png in Resources */ = {isa = PBXBuildFile; fileRef = AC8DB7681722FCE700943B9A /* greetings@2x.png */; };
		AC8DB7771722FCE700943B9A /* gradient@2x.png in Resources */ = {isa = PBXBuildFile; fileRef = AC8DB7691722FCE700943B9A /* gradient@2x.png */; };
		AC8DB7781722FCE700943B9A /* icon_ISS@2x.png in Resources */ = {isa = PBXBuildFile; fileRef = AC8DB76A1722FCE700943B9A /* icon_ISS@2x.png */; };
		AC8DB7791722FCE700943B9A /* icon_menu@2x.png in Resources */ = {isa = PBXBuildFile; fileRef = AC8DB76B1722FCE700943B9A /* icon_menu@2x.png */; };
		AC8DB77A1722FCE700943B9A /* icon_spot@2x.png in Resources */ = {isa = PBXBuildFile; fileRef = AC8DB76C1722FCE700943B9A /* icon_spot@2x.png */; };
		AC8DB77B1722FCE700943B9A /* pic1@2x.png in Resources */ = {isa = PBXBuildFile; fileRef = AC8DB76D1722FCE700943B9A /* pic1@2x.png */; };
		AC8DB77C1722FCE700943B9A /* pic2@2x.png in Resources */ = {isa = PBXBuildFile; fileRef = AC8DB76E1722FCE700943B9A /* pic2@2x.png */; };
		AC8DB77D1722FCE700943B9A /* pic3@2x.png in Resources */ = {isa = PBXBuildFile; fileRef = AC8DB76F1722FCE700943B9A /* pic3@2x.png */; };
		AC8DB77E1722FCE700943B9A /* pic4@2x.png in Resources */ = {isa = PBXBuildFile; fileRef = AC8DB7701722FCE700943B9A /* pic4@2x.png */; };
		AC8DB77F1722FCE700943B9A /* pic5@2x.png in Resources */ = {isa = PBXBuildFile; fileRef = AC8DB7711722FCE700943B9A /* pic5@2x.png */; };
		AC8DB7801722FCE700943B9A /* pic6@2x.png in Resources */ = {isa = PBXBuildFile; fileRef = AC8DB7721722FCE700943B9A /* pic6@2x.png */; };
		AC8DB7811722FCE700943B9A /* pic7@2x.png in Resources */ = {isa = PBXBuildFile; fileRef = AC8DB7731722FCE700943B9A /* pic7@2x.png */; };
		AC8DB7821722FCE700943B9A /* pic8@2x.png in Resources */ = {isa = PBXBuildFile; fileRef = AC8DB7741722FCE700943B9A /* pic8@2x.png */; };
		AC8DB7831722FCE700943B9A /* title_waystation@2x.png in Resources */ = {isa = PBXBuildFile; fileRef = AC8DB7751722FCE700943B9A /* title_waystation@2x.png */; };
		AC8DB7851722FCF100943B9A /* tick.aiff in Resources */ = {isa = PBXBuildFile; fileRef = AC8DB7841722FCF100943B9A /* tick.aiff */; };
		AC8DB78C1722FD0000943B9A /* PhotoViewController.m in Sources */ = {isa = PBXBuildFile; fileRef = AC8DB7871722FD0000943B9A /* PhotoViewController.m */; };
		AC8DB78D1722FD0000943B9A /* PhotoViewController.xib in Resources */ = {isa = PBXBuildFile; fileRef = AC8DB7881722FD0000943B9A /* PhotoViewController.xib */; };
		AC8DB78E1722FD0000943B9A /* OverlayViewController.m in Sources */ = {isa = PBXBuildFile; fileRef = AC8DB78A1722FD0000943B9A /* OverlayViewController.m */; };
		AC8DB78F1722FD0000943B9A /* OverlayViewController.xib in Resources */ = {isa = PBXBuildFile; fileRef = AC8DB78B1722FD0000943B9A /* OverlayViewController.xib */; };
		AC8DB7911722FEA400943B9A /* Accounts.framework in Frameworks */ = {isa = PBXBuildFile; fileRef = AC8DB7901722FEA400943B9A /* Accounts.framework */; };
		AC8DB7931722FEAA00943B9A /* Twitter.framework in Frameworks */ = {isa = PBXBuildFile; fileRef = AC8DB7921722FEAA00943B9A /* Twitter.framework */; };
		AC8DB7951722FEB100943B9A /* AudioToolbox.framework in Frameworks */ = {isa = PBXBuildFile; fileRef = AC8DB7941722FEB100943B9A /* AudioToolbox.framework */; };
		AC8DB7981723003300943B9A /* DDMenuController.m in Sources */ = {isa = PBXBuildFile; fileRef = AC8DB7971723003300943B9A /* DDMenuController.m */; };
		AC8DB79D172300A500943B9A /* RightController.m in Sources */ = {isa = PBXBuildFile; fileRef = AC8DB79A172300A300943B9A /* RightController.m */; };
		AC8DB79E172300A500943B9A /* LeftController.m in Sources */ = {isa = PBXBuildFile; fileRef = AC8DB79C172300A400943B9A /* LeftController.m */; };
		AC8DB7A01723013800943B9A /* QuartzCore.framework in Frameworks */ = {isa = PBXBuildFile; fileRef = AC8DB79F1723013800943B9A /* QuartzCore.framework */; };
/* End PBXBuildFile section */

/* Begin PBXFileReference section */
		AC8DB7401722FBB300943B9A /* Space Apps: Waystation.app */ = {isa = PBXFileReference; explicitFileType = wrapper.application; includeInIndex = 0; path = "Space Apps: Waystation.app"; sourceTree = BUILT_PRODUCTS_DIR; };
		AC8DB7431722FBB300943B9A /* UIKit.framework */ = {isa = PBXFileReference; lastKnownFileType = wrapper.framework; name = UIKit.framework; path = System/Library/Frameworks/UIKit.framework; sourceTree = SDKROOT; };
		AC8DB7451722FBB300943B9A /* Foundation.framework */ = {isa = PBXFileReference; lastKnownFileType = wrapper.framework; name = Foundation.framework; path = System/Library/Frameworks/Foundation.framework; sourceTree = SDKROOT; };
		AC8DB7471722FBB300943B9A /* CoreGraphics.framework */ = {isa = PBXFileReference; lastKnownFileType = wrapper.framework; name = CoreGraphics.framework; path = System/Library/Frameworks/CoreGraphics.framework; sourceTree = SDKROOT; };
		AC8DB74B1722FBB300943B9A /* Space Apps: Waystation-Info.plist */ = {isa = PBXFileReference; lastKnownFileType = text.plist.xml; path = "Space Apps: Waystation-Info.plist"; sourceTree = "<group>"; };
		AC8DB74D1722FBB300943B9A /* en */ = {isa = PBXFileReference; lastKnownFileType = text.plist.strings; name = en; path = en.lproj/InfoPlist.strings; sourceTree = "<group>"; };
		AC8DB74F1722FBB300943B9A /* main.m */ = {isa = PBXFileReference; lastKnownFileType = sourcecode.c.objc; path = main.m; sourceTree = "<group>"; };
		AC8DB7511722FBB400943B9A /* Space Apps: Waystation-Prefix.pch */ = {isa = PBXFileReference; lastKnownFileType = sourcecode.c.h; path = "Space Apps: Waystation-Prefix.pch"; sourceTree = "<group>"; };
		AC8DB7521722FBB400943B9A /* SAWAppDelegate.h */ = {isa = PBXFileReference; lastKnownFileType = sourcecode.c.h; path = SAWAppDelegate.h; sourceTree = "<group>"; };
		AC8DB7531722FBB400943B9A /* SAWAppDelegate.m */ = {isa = PBXFileReference; lastKnownFileType = sourcecode.c.objc; path = SAWAppDelegate.m; sourceTree = "<group>"; };
		AC8DB7551722FBB400943B9A /* Default.png */ = {isa = PBXFileReference; lastKnownFileType = image.png; path = Default.png; sourceTree = "<group>"; };
		AC8DB7571722FBB400943B9A /* Default@2x.png */ = {isa = PBXFileReference; lastKnownFileType = image.png; path = "Default@2x.png"; sourceTree = "<group>"; };
		AC8DB7591722FBB400943B9A /* Default-568h@2x.png */ = {isa = PBXFileReference; lastKnownFileType = image.png; path = "Default-568h@2x.png"; sourceTree = "<group>"; };
		AC8DB7601722FBCD00943B9A /* nav_menu_icon@2x.png */ = {isa = PBXFileReference; lastKnownFileType = image.png; path = "nav_menu_icon@2x.png"; sourceTree = "<group>"; };
		AC8DB7621722FC0B00943B9A /* SAWWaystationViewController.h */ = {isa = PBXFileReference; fileEncoding = 4; lastKnownFileType = sourcecode.c.h; path = SAWWaystationViewController.h; sourceTree = "<group>"; };
		AC8DB7631722FC0B00943B9A /* SAWWaystationViewController.m */ = {isa = PBXFileReference; fileEncoding = 4; lastKnownFileType = sourcecode.c.objc; path = SAWWaystationViewController.m; sourceTree = "<group>"; };
		AC8DB7641722FC0B00943B9A /* SAWWaystationViewController.xib */ = {isa = PBXFileReference; fileEncoding = 4; lastKnownFileType = file.xib; path = SAWWaystationViewController.xib; sourceTree = "<group>"; };
		AC8DB7681722FCE700943B9A /* greetings@2x.png */ = {isa = PBXFileReference; lastKnownFileType = image.png; path = "greetings@2x.png"; sourceTree = "<group>"; };
		AC8DB7691722FCE700943B9A /* gradient@2x.png */ = {isa = PBXFileReference; lastKnownFileType = image.png; path = "gradient@2x.png"; sourceTree = "<group>"; };
		AC8DB76A1722FCE700943B9A /* icon_ISS@2x.png */ = {isa = PBXFileReference; lastKnownFileType = image.png; path = "icon_ISS@2x.png"; sourceTree = "<group>"; };
		AC8DB76B1722FCE700943B9A /* icon_menu@2x.png */ = {isa = PBXFileReference; lastKnownFileType = image.png; path = "icon_menu@2x.png"; sourceTree = "<group>"; };
		AC8DB76C1722FCE700943B9A /* icon_spot@2x.png */ = {isa = PBXFileReference; lastKnownFileType = image.png; path = "icon_spot@2x.png"; sourceTree = "<group>"; };
		AC8DB76D1722FCE700943B9A /* pic1@2x.png */ = {isa = PBXFileReference; lastKnownFileType = image.png; path = "pic1@2x.png"; sourceTree = "<group>"; };
		AC8DB76E1722FCE700943B9A /* pic2@2x.png */ = {isa = PBXFileReference; lastKnownFileType = image.png; path = "pic2@2x.png"; sourceTree = "<group>"; };
		AC8DB76F1722FCE700943B9A /* pic3@2x.png */ = {isa = PBXFileReference; lastKnownFileType = image.png; path = "pic3@2x.png"; sourceTree = "<group>"; };
		AC8DB7701722FCE700943B9A /* pic4@2x.png */ = {isa = PBXFileReference; lastKnownFileType = image.png; path = "pic4@2x.png"; sourceTree = "<group>"; };
		AC8DB7711722FCE700943B9A /* pic5@2x.png */ = {isa = PBXFileReference; lastKnownFileType = image.png; path = "pic5@2x.png"; sourceTree = "<group>"; };
		AC8DB7721722FCE700943B9A /* pic6@2x.png */ = {isa = PBXFileReference; lastKnownFileType = image.png; path = "pic6@2x.png"; sourceTree = "<group>"; };
		AC8DB7731722FCE700943B9A /* pic7@2x.png */ = {isa = PBXFileReference; lastKnownFileType = image.png; path = "pic7@2x.png"; sourceTree = "<group>"; };
		AC8DB7741722FCE700943B9A /* pic8@2x.png */ = {isa = PBXFileReference; lastKnownFileType = image.png; path = "pic8@2x.png"; sourceTree = "<group>"; };
		AC8DB7751722FCE700943B9A /* title_waystation@2x.png */ = {isa = PBXFileReference; lastKnownFileType = image.png; path = "title_waystation@2x.png"; sourceTree = "<group>"; };
		AC8DB7841722FCF100943B9A /* tick.aiff */ = {isa = PBXFileReference; lastKnownFileType = audio.aiff; name = tick.aiff; path = waystation_cutups/tick.aiff; sourceTree = "<group>"; };
		AC8DB7861722FD0000943B9A /* PhotoViewController.h */ = {isa = PBXFileReference; fileEncoding = 4; lastKnownFileType = sourcecode.c.h; path = PhotoViewController.h; sourceTree = "<group>"; };
		AC8DB7871722FD0000943B9A /* PhotoViewController.m */ = {isa = PBXFileReference; fileEncoding = 4; lastKnownFileType = sourcecode.c.objc; path = PhotoViewController.m; sourceTree = "<group>"; };
		AC8DB7881722FD0000943B9A /* PhotoViewController.xib */ = {isa = PBXFileReference; fileEncoding = 4; lastKnownFileType = file.xib; path = PhotoViewController.xib; sourceTree = "<group>"; };
		AC8DB7891722FD0000943B9A /* OverlayViewController.h */ = {isa = PBXFileReference; fileEncoding = 4; lastKnownFileType = sourcecode.c.h; path = OverlayViewController.h; sourceTree = "<group>"; };
		AC8DB78A1722FD0000943B9A /* OverlayViewController.m */ = {isa = PBXFileReference; fileEncoding = 4; lastKnownFileType = sourcecode.c.objc; path = OverlayViewController.m; sourceTree = "<group>"; };
		AC8DB78B1722FD0000943B9A /* OverlayViewController.xib */ = {isa = PBXFileReference; fileEncoding = 4; lastKnownFileType = file.xib; path = OverlayViewController.xib; sourceTree = "<group>"; };
		AC8DB7901722FEA400943B9A /* Accounts.framework */ = {isa = PBXFileReference; lastKnownFileType = wrapper.framework; name = Accounts.framework; path = System/Library/Frameworks/Accounts.framework; sourceTree = SDKROOT; };
		AC8DB7921722FEAA00943B9A /* Twitter.framework */ = {isa = PBXFileReference; lastKnownFileType = wrapper.framework; name = Twitter.framework; path = System/Library/Frameworks/Twitter.framework; sourceTree = SDKROOT; };
		AC8DB7941722FEB100943B9A /* AudioToolbox.framework */ = {isa = PBXFileReference; lastKnownFileType = wrapper.framework; name = AudioToolbox.framework; path = System/Library/Frameworks/AudioToolbox.framework; sourceTree = SDKROOT; };
		AC8DB7961723003200943B9A /* DDMenuController.h */ = {isa = PBXFileReference; fileEncoding = 4; lastKnownFileType = sourcecode.c.h; path = DDMenuController.h; sourceTree = "<group>"; };
		AC8DB7971723003300943B9A /* DDMenuController.m */ = {isa = PBXFileReference; fileEncoding = 4; lastKnownFileType = sourcecode.c.objc; path = DDMenuController.m; sourceTree = "<group>"; };
		AC8DB799172300A200943B9A /* RightController.h */ = {isa = PBXFileReference; fileEncoding = 4; lastKnownFileType = sourcecode.c.h; path = RightController.h; sourceTree = "<group>"; };
		AC8DB79A172300A300943B9A /* RightController.m */ = {isa = PBXFileReference; fileEncoding = 4; lastKnownFileType = sourcecode.c.objc; path = RightController.m; sourceTree = "<group>"; };
		AC8DB79B172300A300943B9A /* LeftController.h */ = {isa = PBXFileReference; fileEncoding = 4; lastKnownFileType = sourcecode.c.h; path = LeftController.h; sourceTree = "<group>"; };
		AC8DB79C172300A400943B9A /* LeftController.m */ = {isa = PBXFileReference; fileEncoding = 4; lastKnownFileType = sourcecode.c.objc; path = LeftController.m; sourceTree = "<group>"; };
		AC8DB79F1723013800943B9A /* QuartzCore.framework */ = {isa = PBXFileReference; lastKnownFileType = wrapper.framework; name = QuartzCore.framework; path = System/Library/Frameworks/QuartzCore.framework; sourceTree = SDKROOT; };
/* End PBXFileReference section */

/* Begin PBXFrameworksBuildPhase section */
		AC8DB73D1722FBB300943B9A /* Frameworks */ = {
			isa = PBXFrameworksBuildPhase;
			buildActionMask = 2147483647;
			files = (
				AC8DB7A01723013800943B9A /* QuartzCore.framework in Frameworks */,
				AC8DB7951722FEB100943B9A /* AudioToolbox.framework in Frameworks */,
				AC8DB7931722FEAA00943B9A /* Twitter.framework in Frameworks */,
				AC8DB7911722FEA400943B9A /* Accounts.framework in Frameworks */,
				AC8DB7441722FBB300943B9A /* UIKit.framework in Frameworks */,
				AC8DB7461722FBB300943B9A /* Foundation.framework in Frameworks */,
				AC8DB7481722FBB300943B9A /* CoreGraphics.framework in Frameworks */,
			);
			runOnlyForDeploymentPostprocessing = 0;
		};
/* End PBXFrameworksBuildPhase section */

/* Begin PBXGroup section */
		AC8DB7371722FBB300943B9A = {
			isa = PBXGroup;
			children = (
				AC8DB79F1723013800943B9A /* QuartzCore.framework */,
				AC8DB7941722FEB100943B9A /* AudioToolbox.framework */,
				AC8DB7921722FEAA00943B9A /* Twitter.framework */,
				AC8DB7901722FEA400943B9A /* Accounts.framework */,
				AC8DB7491722FBB300943B9A /* Space Apps: Waystation */,
				AC8DB7421722FBB300943B9A /* Frameworks */,
				AC8DB7411722FBB300943B9A /* Products */,
			);
			sourceTree = "<group>";
		};
		AC8DB7411722FBB300943B9A /* Products */ = {
			isa = PBXGroup;
			children = (
				AC8DB7401722FBB300943B9A /* Space Apps: Waystation.app */,
			);
			name = Products;
			sourceTree = "<group>";
		};
		AC8DB7421722FBB300943B9A /* Frameworks */ = {
			isa = PBXGroup;
			children = (
				AC8DB7431722FBB300943B9A /* UIKit.framework */,
				AC8DB7451722FBB300943B9A /* Foundation.framework */,
				AC8DB7471722FBB300943B9A /* CoreGraphics.framework */,
			);
			name = Frameworks;
			sourceTree = "<group>";
		};
		AC8DB7491722FBB300943B9A /* Space Apps: Waystation */ = {
			isa = PBXGroup;
			children = (
				AC8DB7521722FBB400943B9A /* SAWAppDelegate.h */,
				AC8DB7531722FBB400943B9A /* SAWAppDelegate.m */,
				AC8DB7621722FC0B00943B9A /* SAWWaystationViewController.h */,
				AC8DB7631722FC0B00943B9A /* SAWWaystationViewController.m */,
				AC8DB7641722FC0B00943B9A /* SAWWaystationViewController.xib */,
				AC8DB7601722FBCD00943B9A /* nav_menu_icon@2x.png */,
				AC8DB7861722FD0000943B9A /* PhotoViewController.h */,
				AC8DB7871722FD0000943B9A /* PhotoViewController.m */,
				AC8DB7881722FD0000943B9A /* PhotoViewController.xib */,
				AC8DB7891722FD0000943B9A /* OverlayViewController.h */,
				AC8DB78A1722FD0000943B9A /* OverlayViewController.m */,
				AC8DB78B1722FD0000943B9A /* OverlayViewController.xib */,
				AC8DB7961723003200943B9A /* DDMenuController.h */,
				AC8DB7971723003300943B9A /* DDMenuController.m */,
				AC8DB799172300A200943B9A /* RightController.h */,
				AC8DB79A172300A300943B9A /* RightController.m */,
				AC8DB79B172300A300943B9A /* LeftController.h */,
				AC8DB79C172300A400943B9A /* LeftController.m */,
				AC8DB74A1722FBB300943B9A /* Supporting Files */,
			);
			path = "Space Apps: Waystation";
			sourceTree = "<group>";
		};
		AC8DB74A1722FBB300943B9A /* Supporting Files */ = {
			isa = PBXGroup;
			children = (
				AC8DB7841722FCF100943B9A /* tick.aiff */,
				AC8DB7671722FCE700943B9A /* waystation_cutups */,
				AC8DB74B1722FBB300943B9A /* Space Apps: Waystation-Info.plist */,
				AC8DB74C1722FBB300943B9A /* InfoPlist.strings */,
				AC8DB74F1722FBB300943B9A /* main.m */,
				AC8DB7511722FBB400943B9A /* Space Apps: Waystation-Prefix.pch */,
				AC8DB7551722FBB400943B9A /* Default.png */,
				AC8DB7571722FBB400943B9A /* Default@2x.png */,
				AC8DB7591722FBB400943B9A /* Default-568h@2x.png */,
			);
			name = "Supporting Files";
			sourceTree = "<group>";
		};
		AC8DB7671722FCE700943B9A /* waystation_cutups */ = {
			isa = PBXGroup;
			children = (
				AC8DB7681722FCE700943B9A /* greetings@2x.png */,
				AC8DB7691722FCE700943B9A /* gradient@2x.png */,
				AC8DB76A1722FCE700943B9A /* icon_ISS@2x.png */,
				AC8DB76B1722FCE700943B9A /* icon_menu@2x.png */,
				AC8DB76C1722FCE700943B9A /* icon_spot@2x.png */,
				AC8DB76D1722FCE700943B9A /* pic1@2x.png */,
				AC8DB76E1722FCE700943B9A /* pic2@2x.png */,
				AC8DB76F1722FCE700943B9A /* pic3@2x.png */,
				AC8DB7701722FCE700943B9A /* pic4@2x.png */,
				AC8DB7711722FCE700943B9A /* pic5@2x.png */,
				AC8DB7721722FCE700943B9A /* pic6@2x.png */,
				AC8DB7731722FCE700943B9A /* pic7@2x.png */,
				AC8DB7741722FCE700943B9A /* pic8@2x.png */,
				AC8DB7751722FCE700943B9A /* title_waystation@2x.png */,
			);
			path = waystation_cutups;
			sourceTree = "<group>";
		};
/* End PBXGroup section */

/* Begin PBXNativeTarget section */
		AC8DB73F1722FBB300943B9A /* Space Apps: Waystation */ = {
			isa = PBXNativeTarget;
			buildConfigurationList = AC8DB75D1722FBB400943B9A /* Build configuration list for PBXNativeTarget "Space Apps: Waystation" */;
			buildPhases = (
				AC8DB73C1722FBB300943B9A /* Sources */,
				AC8DB73D1722FBB300943B9A /* Frameworks */,
				AC8DB73E1722FBB300943B9A /* Resources */,
			);
			buildRules = (
			);
			dependencies = (
			);
			name = "Space Apps: Waystation";
			productName = "Space Apps: Waystation";
			productReference = AC8DB7401722FBB300943B9A /* Space Apps: Waystation.app */;
			productType = "com.apple.product-type.application";
		};
/* End PBXNativeTarget section */

/* Begin PBXProject section */
		AC8DB7381722FBB300943B9A /* Project object */ = {
			isa = PBXProject;
			attributes = {
				CLASSPREFIX = SAW;
				LastUpgradeCheck = 0460;
				ORGANIZATIONNAME = SpaceApps;
			};
			buildConfigurationList = AC8DB73B1722FBB300943B9A /* Build configuration list for PBXProject "Space Apps: Waystation" */;
			compatibilityVersion = "Xcode 3.2";
			developmentRegion = English;
			hasScannedForEncodings = 0;
			knownRegions = (
				en,
			);
			mainGroup = AC8DB7371722FBB300943B9A;
			productRefGroup = AC8DB7411722FBB300943B9A /* Products */;
			projectDirPath = "";
			projectRoot = "";
			targets = (
				AC8DB73F1722FBB300943B9A /* Space Apps: Waystation */,
			);
		};
/* End PBXProject section */

/* Begin PBXResourcesBuildPhase section */
		AC8DB73E1722FBB300943B9A /* Resources */ = {
			isa = PBXResourcesBuildPhase;
			buildActionMask = 2147483647;
			files = (
				AC8DB74E1722FBB300943B9A /* InfoPlist.strings in Resources */,
				AC8DB7561722FBB400943B9A /* Default.png in Resources */,
				AC8DB7581722FBB400943B9A /* Default@2x.png in Resources */,
				AC8DB75A1722FBB400943B9A /* Default-568h@2x.png in Resources */,
				AC8DB7611722FBCD00943B9A /* nav_menu_icon@2x.png in Resources */,
				AC8DB7661722FC0B00943B9A /* SAWWaystationViewController.xib in Resources */,
				AC8DB7761722FCE700943B9A /* greetings@2x.png in Resources */,
				AC8DB7771722FCE700943B9A /* gradient@2x.png in Resources */,
				AC8DB7781722FCE700943B9A /* icon_ISS@2x.png in Resources */,
				AC8DB7791722FCE700943B9A /* icon_menu@2x.png in Resources */,
				AC8DB77A1722FCE700943B9A /* icon_spot@2x.png in Resources */,
				AC8DB77B1722FCE700943B9A /* pic1@2x.png in Resources */,
				AC8DB77C1722FCE700943B9A /* pic2@2x.png in Resources */,
				AC8DB77D1722FCE700943B9A /* pic3@2x.png in Resources */,
				AC8DB77E1722FCE700943B9A /* pic4@2x.png in Resources */,
				AC8DB77F1722FCE700943B9A /* pic5@2x.png in Resources */,
				AC8DB7801722FCE700943B9A /* pic6@2x.png in Resources */,
				AC8DB7811722FCE700943B9A /* pic7@2x.png in Resources */,
				AC8DB7821722FCE700943B9A /* pic8@2x.png in Resources */,
				AC8DB7831722FCE700943B9A /* title_waystation@2x.png in Resources */,
				AC8DB7851722FCF100943B9A /* tick.aiff in Resources */,
				AC8DB78D1722FD0000943B9A /* PhotoViewController.xib in Resources */,
				AC8DB78F1722FD0000943B9A /* OverlayViewController.xib in Resources */,
			);
			runOnlyForDeploymentPostprocessing = 0;
		};
/* End PBXResourcesBuildPhase section */

/* Begin PBXSourcesBuildPhase section */
		AC8DB73C1722FBB300943B9A /* Sources */ = {
			isa = PBXSourcesBuildPhase;
			buildActionMask = 2147483647;
			files = (
				AC8DB7501722FBB300943B9A /* main.m in Sources */,
				AC8DB7541722FBB400943B9A /* SAWAppDelegate.m in Sources */,
				AC8DB7651722FC0B00943B9A /* SAWWaystationViewController.m in Sources */,
				AC8DB78C1722FD0000943B9A /* PhotoViewController.m in Sources */,
				AC8DB78E1722FD0000943B9A /* OverlayViewController.m in Sources */,
				AC8DB7981723003300943B9A /* DDMenuController.m in Sources */,
				AC8DB79D172300A500943B9A /* RightController.m in Sources */,
				AC8DB79E172300A500943B9A /* LeftController.m in Sources */,
			);
			runOnlyForDeploymentPostprocessing = 0;
		};
/* End PBXSourcesBuildPhase section */

/* Begin PBXVariantGroup section */
		AC8DB74C1722FBB300943B9A /* InfoPlist.strings */ = {
			isa = PBXVariantGroup;
			children = (
				AC8DB74D1722FBB300943B9A /* en */,
			);
			name = InfoPlist.strings;
			sourceTree = "<group>";
		};
/* End PBXVariantGroup section */

/* Begin XCBuildConfiguration section */
		AC8DB75B1722FBB400943B9A /* Debug */ = {
			isa = XCBuildConfiguration;
			buildSettings = {
				ALWAYS_SEARCH_USER_PATHS = NO;
				CLANG_CXX_LANGUAGE_STANDARD = "gnu++0x";
				CLANG_CXX_LIBRARY = "libc++";
				CLANG_WARN_CONSTANT_CONVERSION = YES;
				CLANG_WARN_EMPTY_BODY = YES;
				CLANG_WARN_ENUM_CONVERSION = YES;
				CLANG_WARN_INT_CONVERSION = YES;
				CLANG_WARN__DUPLICATE_METHOD_MATCH = YES;
				"CODE_SIGN_IDENTITY[sdk=iphoneos*]" = "iPhone Developer";
				COPY_PHASE_STRIP = NO;
				GCC_C_LANGUAGE_STANDARD = gnu99;
				GCC_DYNAMIC_NO_PIC = NO;
				GCC_OPTIMIZATION_LEVEL = 0;
				GCC_PREPROCESSOR_DEFINITIONS = (
					"DEBUG=1",
					"$(inherited)",
				);
				GCC_SYMBOLS_PRIVATE_EXTERN = NO;
				GCC_WARN_ABOUT_RETURN_TYPE = YES;
				GCC_WARN_UNINITIALIZED_AUTOS = YES;
				GCC_WARN_UNUSED_VARIABLE = YES;
				IPHONEOS_DEPLOYMENT_TARGET = 6.1;
				ONLY_ACTIVE_ARCH = YES;
				SDKROOT = iphoneos;
			};
			name = Debug;
		};
		AC8DB75C1722FBB400943B9A /* Release */ = {
			isa = XCBuildConfiguration;
			buildSettings = {
				ALWAYS_SEARCH_USER_PATHS = NO;
				CLANG_CXX_LANGUAGE_STANDARD = "gnu++0x";
				CLANG_CXX_LIBRARY = "libc++";
				CLANG_WARN_CONSTANT_CONVERSION = YES;
				CLANG_WARN_EMPTY_BODY = YES;
				CLANG_WARN_ENUM_CONVERSION = YES;
				CLANG_WARN_INT_CONVERSION = YES;
				CLANG_WARN__DUPLICATE_METHOD_MATCH = YES;
				"CODE_SIGN_IDENTITY[sdk=iphoneos*]" = "iPhone Developer";
				COPY_PHASE_STRIP = YES;
				GCC_C_LANGUAGE_STANDARD = gnu99;
				GCC_WARN_ABOUT_RETURN_TYPE = YES;
				GCC_WARN_UNINITIALIZED_AUTOS = YES;
				GCC_WARN_UNUSED_VARIABLE = YES;
				IPHONEOS_DEPLOYMENT_TARGET = 6.1;
				OTHER_CFLAGS = "-DNS_BLOCK_ASSERTIONS=1";
				SDKROOT = iphoneos;
				VALIDATE_PRODUCT = YES;
			};
			name = Release;
		};
		AC8DB75E1722FBB400943B9A /* Debug */ = {
			isa = XCBuildConfiguration;
			buildSettings = {
				GCC_PRECOMPILE_PREFIX_HEADER = YES;
				GCC_PREFIX_HEADER = "Space Apps: Waystation/Space Apps: Waystation-Prefix.pch";
				INFOPLIST_FILE = "Space Apps: Waystation/Space Apps: Waystation-Info.plist";
				PRODUCT_NAME = "$(TARGET_NAME)";
				WRAPPER_EXTENSION = app;
			};
			name = Debug;
		};
		AC8DB75F1722FBB400943B9A /* Release */ = {
			isa = XCBuildConfiguration;
			buildSettings = {
				GCC_PRECOMPILE_PREFIX_HEADER = YES;
				GCC_PREFIX_HEADER = "Space Apps: Waystation/Space Apps: Waystation-Prefix.pch";
				INFOPLIST_FILE = "Space Apps: Waystation/Space Apps: Waystation-Info.plist";
				PRODUCT_NAME = "$(TARGET_NAME)";
				WRAPPER_EXTENSION = app;
			};
			name = Release;
		};
/* End XCBuildConfiguration section */

/* Begin XCConfigurationList section */
		AC8DB73B1722FBB300943B9A /* Build configuration list for PBXProject "Space Apps: Waystation" */ = {
			isa = XCConfigurationList;
			buildConfigurations = (
				AC8DB75B1722FBB400943B9A /* Debug */,
				AC8DB75C1722FBB400943B9A /* Release */,
			);
			defaultConfigurationIsVisible = 0;
			defaultConfigurationName = Release;
		};
		AC8DB75D1722FBB400943B9A /* Build configuration list for PBXNativeTarget "Space Apps: Waystation" */ = {
			isa = XCConfigurationList;
			buildConfigurations = (
				AC8DB75E1722FBB400943B9A /* Debug */,
				AC8DB75F1722FBB400943B9A /* Release */,
			);
			defaultConfigurationIsVisible = 0;
		};
/* End XCConfigurationList section */
	};
	rootObject = AC8DB7381722FBB300943B9A /* Project object */;
}
