// !$*UTF8*$!
{
	archiveVersion = 1;
	classes = {
	};
	objectVersion = 46;
	objects = {

/* Begin PBXBuildFile section */
		AC846D581735712500D4B062 /* SAWCountdownCell.m in Sources */ = {isa = PBXBuildFile; fileRef = AC846D571735712500D4B062 /* SAWCountdownCell.m */; };
		AC846D5A1735715000D4B062 /* SAWCountdownCell.xib in Resources */ = {isa = PBXBuildFile; fileRef = AC846D591735715000D4B062 /* SAWCountdownCell.xib */; };
		AC846D5C17359B5600D4B062 /* Gotham-Light.otf in Resources */ = {isa = PBXBuildFile; fileRef = AC846D5B17359B5600D4B062 /* Gotham-Light.otf */; };
		AC846D5E17359B6400D4B062 /* Gotham-Medium.otf in Resources */ = {isa = PBXBuildFile; fileRef = AC846D5D17359B6400D4B062 /* Gotham-Medium.otf */; };
		AC8DB7441722FBB300943B9A /* UIKit.framework in Frameworks */ = {isa = PBXBuildFile; fileRef = AC8DB7431722FBB300943B9A /* UIKit.framework */; };
		AC8DB7461722FBB300943B9A /* Foundation.framework in Frameworks */ = {isa = PBXBuildFile; fileRef = AC8DB7451722FBB300943B9A /* Foundation.framework */; };
		AC8DB7481722FBB300943B9A /* CoreGraphics.framework in Frameworks */ = {isa = PBXBuildFile; fileRef = AC8DB7471722FBB300943B9A /* CoreGraphics.framework */; };
		AC8DB74E1722FBB300943B9A /* InfoPlist.strings in Resources */ = {isa = PBXBuildFile; fileRef = AC8DB74C1722FBB300943B9A /* InfoPlist.strings */; };
		AC8DB7501722FBB300943B9A /* main.m in Sources */ = {isa = PBXBuildFile; fileRef = AC8DB74F1722FBB300943B9A /* main.m */; };
		AC8DB7541722FBB400943B9A /* SAWAppDelegate.m in Sources */ = {isa = PBXBuildFile; fileRef = AC8DB7531722FBB400943B9A /* SAWAppDelegate.m */; };
		AC8DB7561722FBB400943B9A /* Default.png in Resources */ = {isa = PBXBuildFile; fileRef = AC8DB7551722FBB400943B9A /* Default.png */; };
		AC8DB7581722FBB400943B9A /* Default@2x.png in Resources */ = {isa = PBXBuildFile; fileRef = AC8DB7571722FBB400943B9A /* Default@2x.png */; };
		AC8DB75A1722FBB400943B9A /* Default-568h@2x.png in Resources */ = {isa = PBXBuildFile; fileRef = AC8DB7591722FBB400943B9A /* Default-568h@2x.png */; };
		AC8DB7611722FBCD00943B9A /* nav_menu_icon@2x.png in Resources */ = {isa = PBXBuildFile; fileRef = AC8DB7601722FBCD00943B9A /* nav_menu_icon@2x.png */; };
		AC8DB7651722FC0B00943B9A /* SAWWaystationViewController.m in Sources */ = {isa = PBXBuildFile; fileRef = AC8DB7631722FC0B00943B9A /* SAWWaystationViewController.m */; };
		AC8DB7761722FCE700943B9A /* greetings@2x.png in Resources */ = {isa = PBXBuildFile; fileRef = AC8DB7681722FCE700943B9A /* greetings@2x.png */; };
		AC8DB7771722FCE700943B9A /* gradient@2x.png in Resources */ = {isa = PBXBuildFile; fileRef = AC8DB7691722FCE700943B9A /* gradient@2x.png */; };
		AC8DB7781722FCE700943B9A /* icon_ISS@2x.png in Resources */ = {isa = PBXBuildFile; fileRef = AC8DB76A1722FCE700943B9A /* icon_ISS@2x.png */; };
		AC8DB7791722FCE700943B9A /* icon_menu@2x.png in Resources */ = {isa = PBXBuildFile; fileRef = AC8DB76B1722FCE700943B9A /* icon_menu@2x.png */; };
		AC8DB77A1722FCE700943B9A /* icon_spot@2x.png in Resources */ = {isa = PBXBuildFile; fileRef = AC8DB76C1722FCE700943B9A /* icon_spot@2x.png */; };
		AC8DB77B1722FCE700943B9A /* pic1@2x.png in Resources */ = {isa = PBXBuildFile; fileRef = AC8DB76D1722FCE700943B9A /* pic1@2x.png */; };
		AC8DB77C1722FCE700943B9A /* pic2@2x.png in Resources */ = {isa = PBXBuildFile; fileRef = AC8DB76E1722FCE700943B9A /* pic2@2x.png */; };
		AC8DB77D1722FCE700943B9A /* pic3@2x.png in Resources */ = {isa = PBXBuildFile; fileRef = AC8DB76F1722FCE700943B9A /* pic3@2x.png */; };
		AC8DB77E1722FCE700943B9A /* pic4@2x.png in Resources */ = {isa = PBXBuildFile; fileRef = AC8DB7701722FCE700943B9A /* pic4@2x.png */; };
		AC8DB77F1722FCE700943B9A /* pic5@2x.png in Resources */ = {isa = PBXBuildFile; fileRef = AC8DB7711722FCE700943B9A /* pic5@2x.png */; };
		AC8DB7801722FCE700943B9A /* pic6@2x.png in Resources */ = {isa = PBXBuildFile; fileRef = AC8DB7721722FCE700943B9A /* pic6@2x.png */; };
		AC8DB7811722FCE700943B9A /* pic7@2x.png in Resources */ = {isa = PBXBuildFile; fileRef = AC8DB7731722FCE700943B9A /* pic7@2x.png */; };
		AC8DB7821722FCE700943B9A /* pic8@2x.png in Resources */ = {isa = PBXBuildFile; fileRef = AC8DB7741722FCE700943B9A /* pic8@2x.png */; };
		AC8DB7831722FCE700943B9A /* title_waystation@2x.png in Resources */ = {isa = PBXBuildFile; fileRef = AC8DB7751722FCE700943B9A /* title_waystation@2x.png */; };
		AC8DB7851722FCF100943B9A /* tick.aiff in Resources */ = {isa = PBXBuildFile; fileRef = AC8DB7841722FCF100943B9A /* tick.aiff */; };
		AC8DB78C1722FD0000943B9A /* PhotoViewController.m in Sources */ = {isa = PBXBuildFile; fileRef = AC8DB7871722FD0000943B9A /* PhotoViewController.m */; };
		AC8DB78D1722FD0000943B9A /* PhotoViewController.xib in Resources */ = {isa = PBXBuildFile; fileRef = AC8DB7881722FD0000943B9A /* PhotoViewController.xib */; };
		AC8DB78E1722FD0000943B9A /* OverlayViewController.m in Sources */ = {isa = PBXBuildFile; fileRef = AC8DB78A1722FD0000943B9A /* OverlayViewController.m */; };
		AC8DB78F1722FD0000943B9A /* OverlayViewController.xib in Resources */ = {isa = PBXBuildFile; fileRef = AC8DB78B1722FD0000943B9A /* OverlayViewController.xib */; };
		AC8DB7911722FEA400943B9A /* Accounts.framework in Frameworks */ = {isa = PBXBuildFile; fileRef = AC8DB7901722FEA400943B9A /* Accounts.framework */; };
		AC8DB7931722FEAA00943B9A /* Twitter.framework in Frameworks */ = {isa = PBXBuildFile; fileRef = AC8DB7921722FEAA00943B9A /* Twitter.framework */; };
		AC8DB7951722FEB100943B9A /* AudioToolbox.framework in Frameworks */ = {isa = PBXBuildFile; fileRef = AC8DB7941722FEB100943B9A /* AudioToolbox.framework */; };
		AC8DB7981723003300943B9A /* DDMenuController.m in Sources */ = {isa = PBXBuildFile; fileRef = AC8DB7971723003300943B9A /* DDMenuController.m */; };
		AC8DB79D172300A500943B9A /* RightController.m in Sources */ = {isa = PBXBuildFile; fileRef = AC8DB79A172300A300943B9A /* RightController.m */; };
		AC8DB79E172300A500943B9A /* LeftController.m in Sources */ = {isa = PBXBuildFile; fileRef = AC8DB79C172300A400943B9A /* LeftController.m */; };
		AC8DB7A01723013800943B9A /* QuartzCore.framework in Frameworks */ = {isa = PBXBuildFile; fileRef = AC8DB79F1723013800943B9A /* QuartzCore.framework */; };
		AC8DB7A2172305A000943B9A /* Default-568h@2x.png in Resources */ = {isa = PBXBuildFile; fileRef = AC8DB7A1172305A000943B9A /* Default-568h@2x.png */; };
		AC8DB7A417231B8F00943B9A /* MapKit.framework in Frameworks */ = {isa = PBXBuildFile; fileRef = AC8DB7A317231B8F00943B9A /* MapKit.framework */; };
		AC8DB7A617231CA900943B9A /* CoreLocation.framework in Frameworks */ = {isa = PBXBuildFile; fileRef = AC8DB7A517231CA900943B9A /* CoreLocation.framework */; };
		AC8DB7AC1723459100943B9A /* SAWSineWaveView.m in Sources */ = {isa = PBXBuildFile; fileRef = AC8DB7AB1723459100943B9A /* SAWSineWaveView.m */; };
		AC8DB7AE1723470000943B9A /* SAWWaystationViewController.xib in Resources */ = {isa = PBXBuildFile; fileRef = AC8DB7AD172346FF00943B9A /* SAWWaystationViewController.xib */; };
		AC8DB7B917235C0A00943B9A /* _waystation_landscape.png in Resources */ = {isa = PBXBuildFile; fileRef = AC8DB7B017235C0A00943B9A /* _waystation_landscape.png */; };
		AC8DB7BA17235C0A00943B9A /* gradient_long.png in Resources */ = {isa = PBXBuildFile; fileRef = AC8DB7B117235C0A00943B9A /* gradient_long.png */; };
		AC8DB7BB17235C0A00943B9A /* gradient_long@2x.png in Resources */ = {isa = PBXBuildFile; fileRef = AC8DB7B217235C0A00943B9A /* gradient_long@2x.png */; };
		AC8DB7BC17235C0A00943B9A /* icon_mappin.png in Resources */ = {isa = PBXBuildFile; fileRef = AC8DB7B317235C0A00943B9A /* icon_mappin.png */; };
		AC8DB7BD17235C0A00943B9A /* icon_mappin@2x.png in Resources */ = {isa = PBXBuildFile; fileRef = AC8DB7B417235C0A00943B9A /* icon_mappin@2x.png */; };
		AC8DB7BE17235C0A00943B9A /* scrubber.png in Resources */ = {isa = PBXBuildFile; fileRef = AC8DB7B517235C0A00943B9A /* scrubber.png */; };
		AC8DB7BF17235C0A00943B9A /* scrubber@2x.png in Resources */ = {isa = PBXBuildFile; fileRef = AC8DB7B617235C0A00943B9A /* scrubber@2x.png */; };
		AC8DB7C017235C0A00943B9A /* scrubber_dial.png in Resources */ = {isa = PBXBuildFile; fileRef = AC8DB7B717235C0A00943B9A /* scrubber_dial.png */; };
		AC8DB7C117235C0A00943B9A /* scrubber_dial@2x.png in Resources */ = {isa = PBXBuildFile; fileRef = AC8DB7B817235C0A00943B9A /* scrubber_dial@2x.png */; };
		AC8DB7D31723626D00943B9A /* _capture1@2x.png in Resources */ = {isa = PBXBuildFile; fileRef = AC8DB7C31723626D00943B9A /* _capture1@2x.png */; };
		AC8DB7D41723626D00943B9A /* _capture2@2x.png in Resources */ = {isa = PBXBuildFile; fileRef = AC8DB7C41723626D00943B9A /* _capture2@2x.png */; };
		AC8DB7D51723626D00943B9A /* btn_camera.png in Resources */ = {isa = PBXBuildFile; fileRef = AC8DB7C51723626D00943B9A /* btn_camera.png */; };
		AC8DB7D61723626D00943B9A /* btn_camera@2x.png in Resources */ = {isa = PBXBuildFile; fileRef = AC8DB7C61723626D00943B9A /* btn_camera@2x.png */; };
		AC8DB7D71723626D00943B9A /* btn_send.png in Resources */ = {isa = PBXBuildFile; fileRef = AC8DB7C71723626D00943B9A /* btn_send.png */; };
		AC8DB7D81723626D00943B9A /* btn_send@2x.png in Resources */ = {isa = PBXBuildFile; fileRef = AC8DB7C81723626D00943B9A /* btn_send@2x.png */; };
		AC8DB7D91723626D00943B9A /* icon_back.png in Resources */ = {isa = PBXBuildFile; fileRef = AC8DB7C91723626D00943B9A /* icon_back.png */; };
		AC8DB7DA1723626D00943B9A /* icon_back@2x.png in Resources */ = {isa = PBXBuildFile; fileRef = AC8DB7CA1723626D00943B9A /* icon_back@2x.png */; };
		AC8DB7DB1723626D00943B9A /* icon_close.png in Resources */ = {isa = PBXBuildFile; fileRef = AC8DB7CB1723626D00943B9A /* icon_close.png */; };
		AC8DB7DC1723626D00943B9A /* icon_close@2x.png in Resources */ = {isa = PBXBuildFile; fileRef = AC8DB7CC1723626D00943B9A /* icon_close@2x.png */; };
		AC8DB7DD1723626D00943B9A /* icon_wave.png in Resources */ = {isa = PBXBuildFile; fileRef = AC8DB7CD1723626D00943B9A /* icon_wave.png */; };
		AC8DB7DE1723626D00943B9A /* icon_wave@2x.png in Resources */ = {isa = PBXBuildFile; fileRef = AC8DB7CE1723626D00943B9A /* icon_wave@2x.png */; };
		AC8DB7DF1723626D00943B9A /* textbox_comment.png in Resources */ = {isa = PBXBuildFile; fileRef = AC8DB7CF1723626D00943B9A /* textbox_comment.png */; };
		AC8DB7E01723626D00943B9A /* textbox_comment@2x.png in Resources */ = {isa = PBXBuildFile; fileRef = AC8DB7D01723626D00943B9A /* textbox_comment@2x.png */; };
		AC8DB7E11723626D00943B9A /* textbox_name.png in Resources */ = {isa = PBXBuildFile; fileRef = AC8DB7D11723626D00943B9A /* textbox_name.png */; };
		AC8DB7E21723626D00943B9A /* textbox_name@2x.png in Resources */ = {isa = PBXBuildFile; fileRef = AC8DB7D21723626D00943B9A /* textbox_name@2x.png */; };
		AC8DB7E917240B2100943B9A /* SAWPhotoViewController.m in Sources */ = {isa = PBXBuildFile; fileRef = AC8DB7E717240B2100943B9A /* SAWPhotoViewController.m */; };
		AC8DB7EA17240B2100943B9A /* SAWPhotoViewController.xib in Resources */ = {isa = PBXBuildFile; fileRef = AC8DB7E817240B2100943B9A /* SAWPhotoViewController.xib */; };
		AC8DB7EC172448D200943B9A /* Icon@2x.png in Resources */ = {isa = PBXBuildFile; fileRef = AC8DB7EB172448D100943B9A /* Icon@2x.png */; };
		AC8DB7EF1724601900943B9A /* SAWFullScreenCell.m in Sources */ = {isa = PBXBuildFile; fileRef = AC8DB7EE1724601600943B9A /* SAWFullScreenCell.m */; };
		AC8DB7F11724602B00943B9A /* SAWFullScreenCell.xib in Resources */ = {isa = PBXBuildFile; fileRef = AC8DB7F01724602800943B9A /* SAWFullScreenCell.xib */; };
		AC8DB8821724632800943B9A /* leftMenuBackground@2x.png in Resources */ = {isa = PBXBuildFile; fileRef = AC8DB8811724632600943B9A /* leftMenuBackground@2x.png */; };
		AC8DB88617246A8800943B9A /* SAWTimingViewController.m in Sources */ = {isa = PBXBuildFile; fileRef = AC8DB88417246A8100943B9A /* SAWTimingViewController.m */; };
		AC8DB88717246A8800943B9A /* SAWTimingViewController.xib in Resources */ = {isa = PBXBuildFile; fileRef = AC8DB88517246A8400943B9A /* SAWTimingViewController.xib */; };
		AC8DB88917246AB100943B9A /* waystationTimingView@2x.jpg in Resources */ = {isa = PBXBuildFile; fileRef = AC8DB88817246AB000943B9A /* waystationTimingView@2x.jpg */; };
/* End PBXBuildFile section */

/* Begin PBXFileReference section */
		AC846D561735712400D4B062 /* SAWCountdownCell.h */ = {isa = PBXFileReference; fileEncoding = 4; lastKnownFileType = sourcecode.c.h; path = SAWCountdownCell.h; sourceTree = "<group>"; };
		AC846D571735712500D4B062 /* SAWCountdownCell.m */ = {isa = PBXFileReference; fileEncoding = 4; lastKnownFileType = sourcecode.c.objc; path = SAWCountdownCell.m; sourceTree = "<group>"; };
		AC846D591735715000D4B062 /* SAWCountdownCell.xib */ = {isa = PBXFileReference; fileEncoding = 4; lastKnownFileType = file.xib; path = SAWCountdownCell.xib; sourceTree = "<group>"; };
		AC846D5B17359B5600D4B062 /* Gotham-Light.otf */ = {isa = PBXFileReference; lastKnownFileType = file; path = "Gotham-Light.otf"; sourceTree = "<group>"; };
		AC846D5D17359B6400D4B062 /* Gotham-Medium.otf */ = {isa = PBXFileReference; lastKnownFileType = file; path = "Gotham-Medium.otf"; sourceTree = "<group>"; };
		AC8DB7401722FBB300943B9A /* Space Apps: Waystation.app */ = {isa = PBXFileReference; explicitFileType = wrapper.application; includeInIndex = 0; path = "Space Apps: Waystation.app"; sourceTree = BUILT_PRODUCTS_DIR; };
		AC8DB7431722FBB300943B9A /* UIKit.framework */ = {isa = PBXFileReference; lastKnownFileType = wrapper.framework; name = UIKit.framework; path = System/Library/Frameworks/UIKit.framework; sourceTree = SDKROOT; };
		AC8DB7451722FBB300943B9A /* Foundation.framework */ = {isa = PBXFileReference; lastKnownFileType = wrapper.framework; name = Foundation.framework; path = System/Library/Frameworks/Foundation.framework; sourceTree = SDKROOT; };
		AC8DB7471722FBB300943B9A /* CoreGraphics.framework */ = {isa = PBXFileReference; lastKnownFileType = wrapper.framework; name = CoreGraphics.framework; path = System/Library/Frameworks/CoreGraphics.framework; sourceTree = SDKROOT; };
		AC8DB74B1722FBB300943B9A /* Space Apps: Waystation-Info.plist */ = {isa = PBXFileReference; lastKnownFileType = text.plist.xml; path = "Space Apps: Waystation-Info.plist"; sourceTree = "<group>"; };
		AC8DB74D1722FBB300943B9A /* en */ = {isa = PBXFileReference; lastKnownFileType = text.plist.strings; name = en; path = en.lproj/InfoPlist.strings; sourceTree = "<group>"; };
		AC8DB74F1722FBB300943B9A /* main.m */ = {isa = PBXFileReference; lastKnownFileType = sourcecode.c.objc; path = main.m; sourceTree = "<group>"; };
		AC8DB7511722FBB400943B9A /* Space Apps: Waystation-Prefix.pch */ = {isa = PBXFileReference; lastKnownFileType = sourcecode.c.h; path = "Space Apps: Waystation-Prefix.pch"; sourceTree = "<group>"; };
		AC8DB7521722FBB400943B9A /* SAWAppDelegate.h */ = {isa = PBXFileReference; lastKnownFileType = sourcecode.c.h; path = SAWAppDelegate.h; sourceTree = "<group>"; };
		AC8DB7531722FBB400943B9A /* SAWAppDelegate.m */ = {isa = PBXFileReference; lastKnownFileType = sourcecode.c.objc; path = SAWAppDelegate.m; sourceTree = "<group>"; };
		AC8DB7551722FBB400943B9A /* Default.png */ = {isa = PBXFileReference; lastKnownFileType = image.png; path = Default.png; sourceTree = "<group>"; };
		AC8DB7571722FBB400943B9A /* Default@2x.png */ = {isa = PBXFileReference; lastKnownFileType = image.png; path = "Default@2x.png"; sourceTree = "<group>"; };
		AC8DB7591722FBB400943B9A /* Default-568h@2x.png */ = {isa = PBXFileReference; lastKnownFileType = image.png; path = "Default-568h@2x.png"; sourceTree = "<group>"; };
		AC8DB7601722FBCD00943B9A /* nav_menu_icon@2x.png */ = {isa = PBXFileReference; lastKnownFileType = image.png; path = "nav_menu_icon@2x.png"; sourceTree = "<group>"; };
		AC8DB7621722FC0B00943B9A /* SAWWaystationViewController.h */ = {isa = PBXFileReference; fileEncoding = 4; lastKnownFileType = sourcecode.c.h; path = SAWWaystationViewController.h; sourceTree = "<group>"; };
		AC8DB7631722FC0B00943B9A /* SAWWaystationViewController.m */ = {isa = PBXFileReference; fileEncoding = 4; lastKnownFileType = sourcecode.c.objc; path = SAWWaystationViewController.m; sourceTree = "<group>"; };
		AC8DB7681722FCE700943B9A /* greetings@2x.png */ = {isa = PBXFileReference; lastKnownFileType = image.png; path = "greetings@2x.png"; sourceTree = "<group>"; };
		AC8DB7691722FCE700943B9A /* gradient@2x.png */ = {isa = PBXFileReference; lastKnownFileType = image.png; path = "gradient@2x.png"; sourceTree = "<group>"; };
		AC8DB76A1722FCE700943B9A /* icon_ISS@2x.png */ = {isa = PBXFileReference; lastKnownFileType = image.png; path = "icon_ISS@2x.png"; sourceTree = "<group>"; };
		AC8DB76B1722FCE700943B9A /* icon_menu@2x.png */ = {isa = PBXFileReference; lastKnownFileType = image.png; path = "icon_menu@2x.png"; sourceTree = "<group>"; };
		AC8DB76C1722FCE700943B9A /* icon_spot@2x.png */ = {isa = PBXFileReference; lastKnownFileType = image.png; path = "icon_spot@2x.png"; sourceTree = "<group>"; };
		AC8DB76D1722FCE700943B9A /* pic1@2x.png */ = {isa = PBXFileReference; lastKnownFileType = image.png; path = "pic1@2x.png"; sourceTree = "<group>"; };
		AC8DB76E1722FCE700943B9A /* pic2@2x.png */ = {isa = PBXFileReference; lastKnownFileType = image.png; path = "pic2@2x.png"; sourceTree = "<group>"; };
		AC8DB76F1722FCE700943B9A /* pic3@2x.png */ = {isa = PBXFileReference; lastKnownFileType = image.png; path = "pic3@2x.png"; sourceTree = "<group>"; };
		AC8DB7701722FCE700943B9A /* pic4@2x.png */ = {isa = PBXFileReference; lastKnownFileType = image.png; path = "pic4@2x.png"; sourceTree = "<group>"; };
		AC8DB7711722FCE700943B9A /* pic5@2x.png */ = {isa = PBXFileReference; lastKnownFileType = image.png; path = "pic5@2x.png"; sourceTree = "<group>"; };
		AC8DB7721722FCE700943B9A /* pic6@2x.png */ = {isa = PBXFileReference; lastKnownFileType = image.png; path = "pic6@2x.png"; sourceTree = "<group>"; };
		AC8DB7731722FCE700943B9A /* pic7@2x.png */ = {isa = PBXFileReference; lastKnownFileType = image.png; path = "pic7@2x.png"; sourceTree = "<group>"; };
		AC8DB7741722FCE700943B9A /* pic8@2x.png */ = {isa = PBXFileReference; lastKnownFileType = image.png; path = "pic8@2x.png"; sourceTree = "<group>"; };
		AC8DB7751722FCE700943B9A /* title_waystation@2x.png */ = {isa = PBXFileReference; lastKnownFileType = image.png; path = "title_waystation@2x.png"; sourceTree = "<group>"; };
		AC8DB7841722FCF100943B9A /* tick.aiff */ = {isa = PBXFileReference; lastKnownFileType = audio.aiff; name = tick.aiff; path = waystation_cutups/tick.aiff; sourceTree = "<group>"; };
		AC8DB7861722FD0000943B9A /* PhotoViewController.h */ = {isa = PBXFileReference; fileEncoding = 4; lastKnownFileType = sourcecode.c.h; path = PhotoViewController.h; sourceTree = "<group>"; };
		AC8DB7871722FD0000943B9A /* PhotoViewController.m */ = {isa = PBXFileReference; fileEncoding = 4; lastKnownFileType = sourcecode.c.objc; path = PhotoViewController.m; sourceTree = "<group>"; };
		AC8DB7881722FD0000943B9A /* PhotoViewController.xib */ = {isa = PBXFileReference; fileEncoding = 4; lastKnownFileType = file.xib; path = PhotoViewController.xib; sourceTree = "<group>"; };
		AC8DB7891722FD0000943B9A /* OverlayViewController.h */ = {isa = PBXFileReference; fileEncoding = 4; lastKnownFileType = sourcecode.c.h; path = OverlayViewController.h; sourceTree = "<group>"; };
		AC8DB78A1722FD0000943B9A /* OverlayViewController.m */ = {isa = PBXFileReference; fileEncoding = 4; lastKnownFileType = sourcecode.c.objc; path = OverlayViewController.m; sourceTree = "<group>"; };
		AC8DB78B1722FD0000943B9A /* OverlayViewController.xib */ = {isa = PBXFileReference; fileEncoding = 4; lastKnownFileType = file.xib; path = OverlayViewController.xib; sourceTree = "<group>"; };
		AC8DB7901722FEA400943B9A /* Accounts.framework */ = {isa = PBXFileReference; lastKnownFileType = wrapper.framework; name = Accounts.framework; path = System/Library/Frameworks/Accounts.framework; sourceTree = SDKROOT; };
		AC8DB7921722FEAA00943B9A /* Twitter.framework */ = {isa = PBXFileReference; lastKnownFileType = wrapper.framework; name = Twitter.framework; path = System/Library/Frameworks/Twitter.framework; sourceTree = SDKROOT; };
		AC8DB7941722FEB100943B9A /* AudioToolbox.framework */ = {isa = PBXFileReference; lastKnownFileType = wrapper.framework; name = AudioToolbox.framework; path = System/Library/Frameworks/AudioToolbox.framework; sourceTree = SDKROOT; };
		AC8DB7961723003200943B9A /* DDMenuController.h */ = {isa = PBXFileReference; fileEncoding = 4; lastKnownFileType = sourcecode.c.h; path = DDMenuController.h; sourceTree = "<group>"; };
		AC8DB7971723003300943B9A /* DDMenuController.m */ = {isa = PBXFileReference; fileEncoding = 4; lastKnownFileType = sourcecode.c.objc; path = DDMenuController.m; sourceTree = "<group>"; };
		AC8DB799172300A200943B9A /* RightController.h */ = {isa = PBXFileReference; fileEncoding = 4; lastKnownFileType = sourcecode.c.h; path = RightController.h; sourceTree = "<group>"; };
		AC8DB79A172300A300943B9A /* RightController.m */ = {isa = PBXFileReference; fileEncoding = 4; lastKnownFileType = sourcecode.c.objc; path = RightController.m; sourceTree = "<group>"; };
		AC8DB79B172300A300943B9A /* LeftController.h */ = {isa = PBXFileReference; fileEncoding = 4; lastKnownFileType = sourcecode.c.h; path = LeftController.h; sourceTree = "<group>"; };
		AC8DB79C172300A400943B9A /* LeftController.m */ = {isa = PBXFileReference; fileEncoding = 4; lastKnownFileType = sourcecode.c.objc; path = LeftController.m; sourceTree = "<group>"; };
		AC8DB79F1723013800943B9A /* QuartzCore.framework */ = {isa = PBXFileReference; lastKnownFileType = wrapper.framework; name = QuartzCore.framework; path = System/Library/Frameworks/QuartzCore.framework; sourceTree = SDKROOT; };
		AC8DB7A1172305A000943B9A /* Default-568h@2x.png */ = {isa = PBXFileReference; lastKnownFileType = image.png; name = "Default-568h@2x.png"; path = "../Default-568h@2x.png"; sourceTree = "<group>"; };
		AC8DB7A317231B8F00943B9A /* MapKit.framework */ = {isa = PBXFileReference; lastKnownFileType = wrapper.framework; name = MapKit.framework; path = System/Library/Frameworks/MapKit.framework; sourceTree = SDKROOT; };
		AC8DB7A517231CA900943B9A /* CoreLocation.framework */ = {isa = PBXFileReference; lastKnownFileType = wrapper.framework; name = CoreLocation.framework; path = System/Library/Frameworks/CoreLocation.framework; sourceTree = SDKROOT; };
		AC8DB7AA1723459100943B9A /* SAWSineWaveView.h */ = {isa = PBXFileReference; fileEncoding = 4; lastKnownFileType = sourcecode.c.h; name = SAWSineWaveView.h; path = ../SAWSineWaveView.h; sourceTree = "<group>"; };
		AC8DB7AB1723459100943B9A /* SAWSineWaveView.m */ = {isa = PBXFileReference; fileEncoding = 4; lastKnownFileType = sourcecode.c.objc; name = SAWSineWaveView.m; path = ../SAWSineWaveView.m; sourceTree = "<group>"; };
		AC8DB7AD172346FF00943B9A /* SAWWaystationViewController.xib */ = {isa = PBXFileReference; fileEncoding = 4; lastKnownFileType = file.xib; path = SAWWaystationViewController.xib; sourceTree = "<group>"; };
		AC8DB7B017235C0A00943B9A /* _waystation_landscape.png */ = {isa = PBXFileReference; lastKnownFileType = image.png; path = _waystation_landscape.png; sourceTree = "<group>"; };
		AC8DB7B117235C0A00943B9A /* gradient_long.png */ = {isa = PBXFileReference; lastKnownFileType = image.png; path = gradient_long.png; sourceTree = "<group>"; };
		AC8DB7B217235C0A00943B9A /* gradient_long@2x.png */ = {isa = PBXFileReference; lastKnownFileType = image.png; path = "gradient_long@2x.png"; sourceTree = "<group>"; };
		AC8DB7B317235C0A00943B9A /* icon_mappin.png */ = {isa = PBXFileReference; lastKnownFileType = image.png; path = icon_mappin.png; sourceTree = "<group>"; };
		AC8DB7B417235C0A00943B9A /* icon_mappin@2x.png */ = {isa = PBXFileReference; lastKnownFileType = image.png; path = "icon_mappin@2x.png"; sourceTree = "<group>"; };
		AC8DB7B517235C0A00943B9A /* scrubber.png */ = {isa = PBXFileReference; lastKnownFileType = image.png; path = scrubber.png; sourceTree = "<group>"; };
		AC8DB7B617235C0A00943B9A /* scrubber@2x.png */ = {isa = PBXFileReference; lastKnownFileType = image.png; path = "scrubber@2x.png"; sourceTree = "<group>"; };
		AC8DB7B717235C0A00943B9A /* scrubber_dial.png */ = {isa = PBXFileReference; lastKnownFileType = image.png; path = scrubber_dial.png; sourceTree = "<group>"; };
		AC8DB7B817235C0A00943B9A /* scrubber_dial@2x.png */ = {isa = PBXFileReference; lastKnownFileType = image.png; path = "scrubber_dial@2x.png"; sourceTree = "<group>"; };
		AC8DB7C31723626D00943B9A /* _capture1@2x.png */ = {isa = PBXFileReference; lastKnownFileType = image.png; path = "_capture1@2x.png"; sourceTree = "<group>"; };
		AC8DB7C41723626D00943B9A /* _capture2@2x.png */ = {isa = PBXFileReference; lastKnownFileType = image.png; path = "_capture2@2x.png"; sourceTree = "<group>"; };
		AC8DB7C51723626D00943B9A /* btn_camera.png */ = {isa = PBXFileReference; lastKnownFileType = image.png; path = btn_camera.png; sourceTree = "<group>"; };
		AC8DB7C61723626D00943B9A /* btn_camera@2x.png */ = {isa = PBXFileReference; lastKnownFileType = image.png; path = "btn_camera@2x.png"; sourceTree = "<group>"; };
		AC8DB7C71723626D00943B9A /* btn_send.png */ = {isa = PBXFileReference; lastKnownFileType = image.png; path = btn_send.png; sourceTree = "<group>"; };
		AC8DB7C81723626D00943B9A /* btn_send@2x.png */ = {isa = PBXFileReference; lastKnownFileType = image.png; path = "btn_send@2x.png"; sourceTree = "<group>"; };
		AC8DB7C91723626D00943B9A /* icon_back.png */ = {isa = PBXFileReference; lastKnownFileType = image.png; path = icon_back.png; sourceTree = "<group>"; };
		AC8DB7CA1723626D00943B9A /* icon_back@2x.png */ = {isa = PBXFileReference; lastKnownFileType = image.png; path = "icon_back@2x.png"; sourceTree = "<group>"; };
		AC8DB7CB1723626D00943B9A /* icon_close.png */ = {isa = PBXFileReference; lastKnownFileType = image.png; path = icon_close.png; sourceTree = "<group>"; };
		AC8DB7CC1723626D00943B9A /* icon_close@2x.png */ = {isa = PBXFileReference; lastKnownFileType = image.png; path = "icon_close@2x.png"; sourceTree = "<group>"; };
		AC8DB7CD1723626D00943B9A /* icon_wave.png */ = {isa = PBXFileReference; lastKnownFileType = image.png; path = icon_wave.png; sourceTree = "<group>"; };
		AC8DB7CE1723626D00943B9A /* icon_wave@2x.png */ = {isa = PBXFileReference; lastKnownFileType = image.png; path = "icon_wave@2x.png"; sourceTree = "<group>"; };
		AC8DB7CF1723626D00943B9A /* textbox_comment.png */ = {isa = PBXFileReference; lastKnownFileType = image.png; path = textbox_comment.png; sourceTree = "<group>"; };
		AC8DB7D01723626D00943B9A /* textbox_comment@2x.png */ = {isa = PBXFileReference; lastKnownFileType = image.png; path = "textbox_comment@2x.png"; sourceTree = "<group>"; };
		AC8DB7D11723626D00943B9A /* textbox_name.png */ = {isa = PBXFileReference; lastKnownFileType = image.png; path = textbox_name.png; sourceTree = "<group>"; };
		AC8DB7D21723626D00943B9A /* textbox_name@2x.png */ = {isa = PBXFileReference; lastKnownFileType = image.png; path = "textbox_name@2x.png"; sourceTree = "<group>"; };
		AC8DB7E617240B2100943B9A /* SAWPhotoViewController.h */ = {isa = PBXFileReference; fileEncoding = 4; lastKnownFileType = sourcecode.c.h; name = SAWPhotoViewController.h; path = ../SAWPhotoViewController.h; sourceTree = "<group>"; };
		AC8DB7E717240B2100943B9A /* SAWPhotoViewController.m */ = {isa = PBXFileReference; fileEncoding = 4; lastKnownFileType = sourcecode.c.objc; name = SAWPhotoViewController.m; path = ../SAWPhotoViewController.m; sourceTree = "<group>"; };
		AC8DB7E817240B2100943B9A /* SAWPhotoViewController.xib */ = {isa = PBXFileReference; fileEncoding = 4; lastKnownFileType = file.xib; name = SAWPhotoViewController.xib; path = ../SAWPhotoViewController.xib; sourceTree = "<group>"; };
		AC8DB7EB172448D100943B9A /* Icon@2x.png */ = {isa = PBXFileReference; lastKnownFileType = image.png; path = "Icon@2x.png"; sourceTree = "<group>"; };
		AC8DB7ED1724601400943B9A /* SAWFullScreenCell.h */ = {isa = PBXFileReference; fileEncoding = 4; lastKnownFileType = sourcecode.c.h; path = SAWFullScreenCell.h; sourceTree = "<group>"; };
		AC8DB7EE1724601600943B9A /* SAWFullScreenCell.m */ = {isa = PBXFileReference; fileEncoding = 4; lastKnownFileType = sourcecode.c.objc; path = SAWFullScreenCell.m; sourceTree = "<group>"; };
		AC8DB7F01724602800943B9A /* SAWFullScreenCell.xib */ = {isa = PBXFileReference; fileEncoding = 4; lastKnownFileType = file.xib; path = SAWFullScreenCell.xib; sourceTree = "<group>"; };
		AC8DB8811724632600943B9A /* leftMenuBackground@2x.png */ = {isa = PBXFileReference; lastKnownFileType = image.png; path = "leftMenuBackground@2x.png"; sourceTree = "<group>"; };
		AC8DB88317246A7F00943B9A /* SAWTimingViewController.h */ = {isa = PBXFileReference; fileEncoding = 4; lastKnownFileType = sourcecode.c.h; path = SAWTimingViewController.h; sourceTree = "<group>"; };
		AC8DB88417246A8100943B9A /* SAWTimingViewController.m */ = {isa = PBXFileReference; fileEncoding = 4; lastKnownFileType = sourcecode.c.objc; path = SAWTimingViewController.m; sourceTree = "<group>"; };
		AC8DB88517246A8400943B9A /* SAWTimingViewController.xib */ = {isa = PBXFileReference; fileEncoding = 4; lastKnownFileType = file.xib; path = SAWTimingViewController.xib; sourceTree = "<group>"; };
		AC8DB88817246AB000943B9A /* waystationTimingView@2x.jpg */ = {isa = PBXFileReference; lastKnownFileType = image.jpeg; path = "waystationTimingView@2x.jpg"; sourceTree = "<group>"; };
/* End PBXFileReference section */

/* Begin PBXFrameworksBuildPhase section */
		AC8DB73D1722FBB300943B9A /* Frameworks */ = {
			isa = PBXFrameworksBuildPhase;
			buildActionMask = 2147483647;
			files = (
				AC8DB7A617231CA900943B9A /* CoreLocation.framework in Frameworks */,
				AC8DB7A417231B8F00943B9A /* MapKit.framework in Frameworks */,
				AC8DB7A01723013800943B9A /* QuartzCore.framework in Frameworks */,
				AC8DB7951722FEB100943B9A /* AudioToolbox.framework in Frameworks */,
				AC8DB7931722FEAA00943B9A /* Twitter.framework in Frameworks */,
				AC8DB7911722FEA400943B9A /* Accounts.framework in Frameworks */,
				AC8DB7441722FBB300943B9A /* UIKit.framework in Frameworks */,
				AC8DB7461722FBB300943B9A /* Foundation.framework in Frameworks */,
				AC8DB7481722FBB300943B9A /* CoreGraphics.framework in Frameworks */,
			);
			runOnlyForDeploymentPostprocessing = 0;
		};
/* End PBXFrameworksBuildPhase section */

/* Begin PBXGroup section */
		AC8DB7371722FBB300943B9A = {
			isa = PBXGroup;
			children = (
				AC8DB7EB172448D100943B9A /* Icon@2x.png */,
				AC8DB7A517231CA900943B9A /* CoreLocation.framework */,
				AC8DB7A317231B8F00943B9A /* MapKit.framework */,
				AC8DB79F1723013800943B9A /* QuartzCore.framework */,
				AC8DB7941722FEB100943B9A /* AudioToolbox.framework */,
				AC8DB7921722FEAA00943B9A /* Twitter.framework */,
				AC8DB7901722FEA400943B9A /* Accounts.framework */,
				AC8DB7491722FBB300943B9A /* Space Apps: Waystation */,
				AC8DB7421722FBB300943B9A /* Frameworks */,
				AC8DB7411722FBB300943B9A /* Products */,
			);
			sourceTree = "<group>";
		};
		AC8DB7411722FBB300943B9A /* Products */ = {
			isa = PBXGroup;
			children = (
				AC8DB7401722FBB300943B9A /* Space Apps: Waystation.app */,
			);
			name = Products;
			sourceTree = "<group>";
		};
		AC8DB7421722FBB300943B9A /* Frameworks */ = {
			isa = PBXGroup;
			children = (
				AC8DB7431722FBB300943B9A /* UIKit.framework */,
				AC8DB7451722FBB300943B9A /* Foundation.framework */,
				AC8DB7471722FBB300943B9A /* CoreGraphics.framework */,
			);
			name = Frameworks;
			sourceTree = "<group>";
		};
		AC8DB7491722FBB300943B9A /* Space Apps: Waystation */ = {
			isa = PBXGroup;
			children = (
				AC8DB7521722FBB400943B9A /* SAWAppDelegate.h */,
				AC8DB7531722FBB400943B9A /* SAWAppDelegate.m */,
				AC8DB7621722FC0B00943B9A /* SAWWaystationViewController.h */,
				AC8DB7631722FC0B00943B9A /* SAWWaystationViewController.m */,
				AC8DB7AD172346FF00943B9A /* SAWWaystationViewController.xib */,
				AC8DB7AA1723459100943B9A /* SAWSineWaveView.h */,
				AC8DB7AB1723459100943B9A /* SAWSineWaveView.m */,
				AC8DB7601722FBCD00943B9A /* nav_menu_icon@2x.png */,
				AC8DB7861722FD0000943B9A /* PhotoViewController.h */,
				AC8DB7871722FD0000943B9A /* PhotoViewController.m */,
				AC8DB7881722FD0000943B9A /* PhotoViewController.xib */,
				AC8DB7891722FD0000943B9A /* OverlayViewController.h */,
				AC8DB78A1722FD0000943B9A /* OverlayViewController.m */,
				AC8DB78B1722FD0000943B9A /* OverlayViewController.xib */,
				AC8DB7961723003200943B9A /* DDMenuController.h */,
				AC8DB7971723003300943B9A /* DDMenuController.m */,
				AC8DB799172300A200943B9A /* RightController.h */,
				AC8DB79A172300A300943B9A /* RightController.m */,
				AC8DB88317246A7F00943B9A /* SAWTimingViewController.h */,
				AC8DB88417246A8100943B9A /* SAWTimingViewController.m */,
				AC8DB88517246A8400943B9A /* SAWTimingViewController.xib */,
				AC846D561735712400D4B062 /* SAWCountdownCell.h */,
				AC846D571735712500D4B062 /* SAWCountdownCell.m */,
				AC846D591735715000D4B062 /* SAWCountdownCell.xib */,
				AC8DB79B172300A300943B9A /* LeftController.h */,
				AC8DB79C172300A400943B9A /* LeftController.m */,
				AC8DB7ED1724601400943B9A /* SAWFullScreenCell.h */,
				AC8DB7EE1724601600943B9A /* SAWFullScreenCell.m */,
				AC8DB7F01724602800943B9A /* SAWFullScreenCell.xib */,
				AC8DB7E617240B2100943B9A /* SAWPhotoViewController.h */,
				AC8DB7E717240B2100943B9A /* SAWPhotoViewController.m */,
				AC8DB7E817240B2100943B9A /* SAWPhotoViewController.xib */,
				AC8DB7A1172305A000943B9A /* Default-568h@2x.png */,
				AC8DB74A1722FBB300943B9A /* Supporting Files */,
			);
			path = "Space Apps: Waystation";
			sourceTree = "<group>";
		};
		AC8DB74A1722FBB300943B9A /* Supporting Files */ = {
			isa = PBXGroup;
			children = (
				AC846D5B17359B5600D4B062 /* Gotham-Light.otf */,
				AC846D5D17359B6400D4B062 /* Gotham-Medium.otf */,
				AC8DB88817246AB000943B9A /* waystationTimingView@2x.jpg */,
				AC8DB8811724632600943B9A /* leftMenuBackground@2x.png */,
				AC8DB7C21723626D00943B9A /* waystation_cutups_capture */,
				AC8DB7841722FCF100943B9A /* tick.aiff */,
				AC8DB7671722FCE700943B9A /* waystation_cutups */,
				AC8DB74B1722FBB300943B9A /* Space Apps: Waystation-Info.plist */,
				AC8DB74C1722FBB300943B9A /* InfoPlist.strings */,
				AC8DB74F1722FBB300943B9A /* main.m */,
				AC8DB7511722FBB400943B9A /* Space Apps: Waystation-Prefix.pch */,
				AC8DB7551722FBB400943B9A /* Default.png */,
				AC8DB7571722FBB400943B9A /* Default@2x.png */,
				AC8DB7591722FBB400943B9A /* Default-568h@2x.png */,
			);
			name = "Supporting Files";
			sourceTree = "<group>";
		};
		AC8DB7671722FCE700943B9A /* waystation_cutups */ = {
			isa = PBXGroup;
			children = (
				AC8DB7AF17235C0900943B9A /* waystation_cutups_landscape_map */,
				AC8DB7681722FCE700943B9A /* greetings@2x.png */,
				AC8DB7691722FCE700943B9A /* gradient@2x.png */,
				AC8DB76A1722FCE700943B9A /* icon_ISS@2x.png */,
				AC8DB76B1722FCE700943B9A /* icon_menu@2x.png */,
				AC8DB76C1722FCE700943B9A /* icon_spot@2x.png */,
				AC8DB76D1722FCE700943B9A /* pic1@2x.png */,
				AC8DB76E1722FCE700943B9A /* pic2@2x.png */,
				AC8DB76F1722FCE700943B9A /* pic3@2x.png */,
				AC8DB7701722FCE700943B9A /* pic4@2x.png */,
				AC8DB7711722FCE700943B9A /* pic5@2x.png */,
				AC8DB7721722FCE700943B9A /* pic6@2x.png */,
				AC8DB7731722FCE700943B9A /* pic7@2x.png */,
				AC8DB7741722FCE700943B9A /* pic8@2x.png */,
				AC8DB7751722FCE700943B9A /* title_waystation@2x.png */,
			);
			path = waystation_cutups;
			sourceTree = "<group>";
		};
		AC8DB7AF17235C0900943B9A /* waystation_cutups_landscape_map */ = {
			isa = PBXGroup;
			children = (
				AC8DB7B017235C0A00943B9A /* _waystation_landscape.png */,
				AC8DB7B117235C0A00943B9A /* gradient_long.png */,
				AC8DB7B217235C0A00943B9A /* gradient_long@2x.png */,
				AC8DB7B317235C0A00943B9A /* icon_mappin.png */,
				AC8DB7B417235C0A00943B9A /* icon_mappin@2x.png */,
				AC8DB7B517235C0A00943B9A /* scrubber.png */,
				AC8DB7B617235C0A00943B9A /* scrubber@2x.png */,
				AC8DB7B717235C0A00943B9A /* scrubber_dial.png */,
				AC8DB7B817235C0A00943B9A /* scrubber_dial@2x.png */,
			);
			path = waystation_cutups_landscape_map;
			sourceTree = "<group>";
		};
		AC8DB7C21723626D00943B9A /* waystation_cutups_capture */ = {
			isa = PBXGroup;
			children = (
				AC8DB7C31723626D00943B9A /* _capture1@2x.png */,
				AC8DB7C41723626D00943B9A /* _capture2@2x.png */,
				AC8DB7C51723626D00943B9A /* btn_camera.png */,
				AC8DB7C61723626D00943B9A /* btn_camera@2x.png */,
				AC8DB7C71723626D00943B9A /* btn_send.png */,
				AC8DB7C81723626D00943B9A /* btn_send@2x.png */,
				AC8DB7C91723626D00943B9A /* icon_back.png */,
				AC8DB7CA1723626D00943B9A /* icon_back@2x.png */,
				AC8DB7CB1723626D00943B9A /* icon_close.png */,
				AC8DB7CC1723626D00943B9A /* icon_close@2x.png */,
				AC8DB7CD1723626D00943B9A /* icon_wave.png */,
				AC8DB7CE1723626D00943B9A /* icon_wave@2x.png */,
				AC8DB7CF1723626D00943B9A /* textbox_comment.png */,
				AC8DB7D11723626D00943B9A /* textbox_name.png */,
				AC8DB7D01723626D00943B9A /* textbox_comment@2x.png */,
				AC8DB7D21723626D00943B9A /* textbox_name@2x.png */,
			);
			path = waystation_cutups_capture;
			sourceTree = "<group>";
		};
/* End PBXGroup section */

/* Begin PBXNativeTarget section */
		AC8DB73F1722FBB300943B9A /* Space Apps: Waystation */ = {
			isa = PBXNativeTarget;
			buildConfigurationList = AC8DB75D1722FBB400943B9A /* Build configuration list for PBXNativeTarget "Space Apps: Waystation" */;
			buildPhases = (
				AC8DB73C1722FBB300943B9A /* Sources */,
				AC8DB73D1722FBB300943B9A /* Frameworks */,
				AC8DB73E1722FBB300943B9A /* Resources */,
			);
			buildRules = (
			);
			dependencies = (
			);
			name = "Space Apps: Waystation";
			productName = "Space Apps: Waystation";
			productReference = AC8DB7401722FBB300943B9A /* Space Apps: Waystation.app */;
			productType = "com.apple.product-type.application";
		};
/* End PBXNativeTarget section */

/* Begin PBXProject section */
		AC8DB7381722FBB300943B9A /* Project object */ = {
			isa = PBXProject;
			attributes = {
				CLASSPREFIX = SAW;
				LastUpgradeCheck = 0460;
				ORGANIZATIONNAME = SpaceApps;
			};
			buildConfigurationList = AC8DB73B1722FBB300943B9A /* Build configuration list for PBXProject "Space Apps: Waystation" */;
			compatibilityVersion = "Xcode 3.2";
			developmentRegion = English;
			hasScannedForEncodings = 0;
			knownRegions = (
				en,
			);
			mainGroup = AC8DB7371722FBB300943B9A;
			productRefGroup = AC8DB7411722FBB300943B9A /* Products */;
			projectDirPath = "";
			projectRoot = "";
			targets = (
				AC8DB73F1722FBB300943B9A /* Space Apps: Waystation */,
			);
		};
/* End PBXProject section */

/* Begin PBXResourcesBuildPhase section */
		AC8DB73E1722FBB300943B9A /* Resources */ = {
			isa = PBXResourcesBuildPhase;
			buildActionMask = 2147483647;
			files = (
				AC8DB74E1722FBB300943B9A /* InfoPlist.strings in Resources */,
				AC8DB7561722FBB400943B9A /* Default.png in Resources */,
				AC8DB7581722FBB400943B9A /* Default@2x.png in Resources */,
				AC8DB75A1722FBB400943B9A /* Default-568h@2x.png in Resources */,
				AC8DB7611722FBCD00943B9A /* nav_menu_icon@2x.png in Resources */,
				AC8DB7761722FCE700943B9A /* greetings@2x.png in Resources */,
				AC8DB7771722FCE700943B9A /* gradient@2x.png in Resources */,
				AC8DB7781722FCE700943B9A /* icon_ISS@2x.png in Resources */,
				AC8DB7791722FCE700943B9A /* icon_menu@2x.png in Resources */,
				AC8DB77A1722FCE700943B9A /* icon_spot@2x.png in Resources */,
				AC8DB77B1722FCE700943B9A /* pic1@2x.png in Resources */,
				AC8DB77C1722FCE700943B9A /* pic2@2x.png in Resources */,
				AC8DB77D1722FCE700943B9A /* pic3@2x.png in Resources */,
				AC8DB77E1722FCE700943B9A /* pic4@2x.png in Resources */,
				AC8DB77F1722FCE700943B9A /* pic5@2x.png in Resources */,
				AC8DB7801722FCE700943B9A /* pic6@2x.png in Resources */,
				AC8DB7811722FCE700943B9A /* pic7@2x.png in Resources */,
				AC8DB7821722FCE700943B9A /* pic8@2x.png in Resources */,
				AC8DB7831722FCE700943B9A /* title_waystation@2x.png in Resources */,
				AC8DB7851722FCF100943B9A /* tick.aiff in Resources */,
				AC8DB78D1722FD0000943B9A /* PhotoViewController.xib in Resources */,
				AC8DB78F1722FD0000943B9A /* OverlayViewController.xib in Resources */,
				AC8DB7A2172305A000943B9A /* Default-568h@2x.png in Resources */,
				AC8DB7AE1723470000943B9A /* SAWWaystationViewController.xib in Resources */,
				AC8DB7B917235C0A00943B9A /* _waystation_landscape.png in Resources */,
				AC8DB7BA17235C0A00943B9A /* gradient_long.png in Resources */,
				AC8DB7BB17235C0A00943B9A /* gradient_long@2x.png in Resources */,
				AC8DB7BC17235C0A00943B9A /* icon_mappin.png in Resources */,
				AC8DB7BD17235C0A00943B9A /* icon_mappin@2x.png in Resources */,
				AC8DB7BE17235C0A00943B9A /* scrubber.png in Resources */,
				AC8DB7BF17235C0A00943B9A /* scrubber@2x.png in Resources */,
				AC8DB7C017235C0A00943B9A /* scrubber_dial.png in Resources */,
				AC8DB7C117235C0A00943B9A /* scrubber_dial@2x.png in Resources */,
				AC8DB7D31723626D00943B9A /* _capture1@2x.png in Resources */,
				AC8DB7D41723626D00943B9A /* _capture2@2x.png in Resources */,
				AC8DB7D51723626D00943B9A /* btn_camera.png in Resources */,
				AC8DB7D61723626D00943B9A /* btn_camera@2x.png in Resources */,
				AC8DB7D71723626D00943B9A /* btn_send.png in Resources */,
				AC8DB7D81723626D00943B9A /* btn_send@2x.png in Resources */,
				AC8DB7D91723626D00943B9A /* icon_back.png in Resources */,
				AC8DB7DA1723626D00943B9A /* icon_back@2x.png in Resources */,
				AC8DB7DB1723626D00943B9A /* icon_close.png in Resources */,
				AC8DB7DC1723626D00943B9A /* icon_close@2x.png in Resources */,
				AC8DB7DD1723626D00943B9A /* icon_wave.png in Resources */,
				AC8DB7DE1723626D00943B9A /* icon_wave@2x.png in Resources */,
				AC8DB7DF1723626D00943B9A /* textbox_comment.png in Resources */,
				AC8DB7E01723626D00943B9A /* textbox_comment@2x.png in Resources */,
				AC8DB7E11723626D00943B9A /* textbox_name.png in Resources */,
				AC8DB7E21723626D00943B9A /* textbox_name@2x.png in Resources */,
				AC8DB7EA17240B2100943B9A /* SAWPhotoViewController.xib in Resources */,
				AC8DB7EC172448D200943B9A /* Icon@2x.png in Resources */,
				AC8DB7F11724602B00943B9A /* SAWFullScreenCell.xib in Resources */,
				AC8DB8821724632800943B9A /* leftMenuBackground@2x.png in Resources */,
				AC8DB88717246A8800943B9A /* SAWTimingViewController.xib in Resources */,
				AC8DB88917246AB100943B9A /* waystationTimingView@2x.jpg in Resources */,
				AC846D5A1735715000D4B062 /* SAWCountdownCell.xib in Resources */,
				AC846D5C17359B5600D4B062 /* Gotham-Light.otf in Resources */,
				AC846D5E17359B6400D4B062 /* Gotham-Medium.otf in Resources */,
			);
			runOnlyForDeploymentPostprocessing = 0;
		};
/* End PBXResourcesBuildPhase section */

/* Begin PBXSourcesBuildPhase section */
		AC8DB73C1722FBB300943B9A /* Sources */ = {
			isa = PBXSourcesBuildPhase;
			buildActionMask = 2147483647;
			files = (
				AC8DB7501722FBB300943B9A /* main.m in Sources */,
				AC8DB7541722FBB400943B9A /* SAWAppDelegate.m in Sources */,
				AC8DB7651722FC0B00943B9A /* SAWWaystationViewController.m in Sources */,
				AC8DB78C1722FD0000943B9A /* PhotoViewController.m in Sources */,
				AC8DB78E1722FD0000943B9A /* OverlayViewController.m in Sources */,
				AC8DB7981723003300943B9A /* DDMenuController.m in Sources */,
				AC8DB79D172300A500943B9A /* RightController.m in Sources */,
				AC8DB79E172300A500943B9A /* LeftController.m in Sources */,
				AC8DB7AC1723459100943B9A /* SAWSineWaveView.m in Sources */,
				AC8DB7E917240B2100943B9A /* SAWPhotoViewController.m in Sources */,
				AC8DB7EF1724601900943B9A /* SAWFullScreenCell.m in Sources */,
				AC8DB88617246A8800943B9A /* SAWTimingViewController.m in Sources */,
				AC846D581735712500D4B062 /* SAWCountdownCell.m in Sources */,
			);
			runOnlyForDeploymentPostprocessing = 0;
		};
/* End PBXSourcesBuildPhase section */

/* Begin PBXVariantGroup section */
		AC8DB74C1722FBB300943B9A /* InfoPlist.strings */ = {
			isa = PBXVariantGroup;
			children = (
				AC8DB74D1722FBB300943B9A /* en */,
			);
			name = InfoPlist.strings;
			sourceTree = "<group>";
		};
/* End PBXVariantGroup section */

/* Begin XCBuildConfiguration section */
		AC8DB75B1722FBB400943B9A /* Debug */ = {
			isa = XCBuildConfiguration;
			buildSettings = {
				ALWAYS_SEARCH_USER_PATHS = NO;
				CLANG_CXX_LANGUAGE_STANDARD = "gnu++0x";
				CLANG_CXX_LIBRARY = "libc++";
				CLANG_WARN_CONSTANT_CONVERSION = YES;
				CLANG_WARN_EMPTY_BODY = YES;
				CLANG_WARN_ENUM_CONVERSION = YES;
				CLANG_WARN_INT_CONVERSION = YES;
				CLANG_WARN__DUPLICATE_METHOD_MATCH = YES;
				"CODE_SIGN_IDENTITY[sdk=iphoneos*]" = "iPhone Developer";
				COPY_PHASE_STRIP = NO;
				GCC_C_LANGUAGE_STANDARD = gnu99;
				GCC_DYNAMIC_NO_PIC = NO;
				GCC_OPTIMIZATION_LEVEL = 0;
				GCC_PREPROCESSOR_DEFINITIONS = (
					"DEBUG=1",
					"$(inherited)",
				);
				GCC_SYMBOLS_PRIVATE_EXTERN = NO;
				GCC_WARN_ABOUT_RETURN_TYPE = YES;
				GCC_WARN_UNINITIALIZED_AUTOS = YES;
				GCC_WARN_UNUSED_VARIABLE = YES;
				IPHONEOS_DEPLOYMENT_TARGET = 6.1;
				ONLY_ACTIVE_ARCH = YES;
				SDKROOT = iphoneos;
			};
			name = Debug;
		};
		AC8DB75C1722FBB400943B9A /* Release */ = {
			isa = XCBuildConfiguration;
			buildSettings = {
				ALWAYS_SEARCH_USER_PATHS = NO;
				CLANG_CXX_LANGUAGE_STANDARD = "gnu++0x";
				CLANG_CXX_LIBRARY = "libc++";
				CLANG_WARN_CONSTANT_CONVERSION = YES;
				CLANG_WARN_EMPTY_BODY = YES;
				CLANG_WARN_ENUM_CONVERSION = YES;
				CLANG_WARN_INT_CONVERSION = YES;
				CLANG_WARN__DUPLICATE_METHOD_MATCH = YES;
				"CODE_SIGN_IDENTITY[sdk=iphoneos*]" = "iPhone Developer";
				COPY_PHASE_STRIP = YES;
				GCC_C_LANGUAGE_STANDARD = gnu99;
				GCC_WARN_ABOUT_RETURN_TYPE = YES;
				GCC_WARN_UNINITIALIZED_AUTOS = YES;
				GCC_WARN_UNUSED_VARIABLE = YES;
				IPHONEOS_DEPLOYMENT_TARGET = 6.1;
				OTHER_CFLAGS = "-DNS_BLOCK_ASSERTIONS=1";
				SDKROOT = iphoneos;
				VALIDATE_PRODUCT = YES;
			};
			name = Release;
		};
		AC8DB75E1722FBB400943B9A /* Debug */ = {
			isa = XCBuildConfiguration;
			buildSettings = {
				GCC_PRECOMPILE_PREFIX_HEADER = YES;
				GCC_PREFIX_HEADER = "Space Apps: Waystation/Space Apps: Waystation-Prefix.pch";
				INFOPLIST_FILE = "Space Apps: Waystation/Space Apps: Waystation-Info.plist";
				PRODUCT_NAME = "$(TARGET_NAME)";
				WRAPPER_EXTENSION = app;
			};
			name = Debug;
		};
		AC8DB75F1722FBB400943B9A /* Release */ = {
			isa = XCBuildConfiguration;
			buildSettings = {
				GCC_PRECOMPILE_PREFIX_HEADER = YES;
				GCC_PREFIX_HEADER = "Space Apps: Waystation/Space Apps: Waystation-Prefix.pch";
				INFOPLIST_FILE = "Space Apps: Waystation/Space Apps: Waystation-Info.plist";
				PRODUCT_NAME = "$(TARGET_NAME)";
				WRAPPER_EXTENSION = app;
			};
			name = Release;
		};
/* End XCBuildConfiguration section */

/* Begin XCConfigurationList section */
		AC8DB73B1722FBB300943B9A /* Build configuration list for PBXProject "Space Apps: Waystation" */ = {
			isa = XCConfigurationList;
			buildConfigurations = (
				AC8DB75B1722FBB400943B9A /* Debug */,
				AC8DB75C1722FBB400943B9A /* Release */,
			);
			defaultConfigurationIsVisible = 0;
			defaultConfigurationName = Release;
		};
		AC8DB75D1722FBB400943B9A /* Build configuration list for PBXNativeTarget "Space Apps: Waystation" */ = {
			isa = XCConfigurationList;
			buildConfigurations = (
				AC8DB75E1722FBB400943B9A /* Debug */,
				AC8DB75F1722FBB400943B9A /* Release */,
			);
			defaultConfigurationIsVisible = 0;
			defaultConfigurationName = Release;
		};
/* End XCConfigurationList section */
	};
	rootObject = AC8DB7381722FBB300943B9A /* Project object */;
}
